
Microsoft Visual Studio Solution File, Format Version 12.00
# Visual Studio 14
VisualStudioVersion = 14.0.25420.1
MinimumVisualStudioVersion = 10.0.40219.1
Project("{8BC9CEB8-8B4A-11D0-8D11-00A0C91BC942}") = "BonDriver_PTx", "BonDriver_PTx\BonDriver_PTx.vcxproj", "{BF775E2E-70BF-4DAA-ADB7-62D075369AC9}"
EndProject
Project("{8BC9CEB8-8B4A-11D0-8D11-00A0C91BC942}") = "PT3Ctrl", "PT3Ctrl\PT3Ctrl.vcxproj", "{DD1A4A96-3CDE-4C86-9F52-F4265E3D4B12}"
	ProjectSection(ProjectDependencies) = postProject
		{7F011A2B-5E96-4C9E-92EB-311175700C5A} = {7F011A2B-5E96-4C9E-92EB-311175700C5A}
	EndProjectSection
EndProject
Project("{8BC9CEB8-8B4A-11D0-8D11-00A0C91BC942}") = "PTCtrl", "PTCtrl\PT1Ctrl.vcxproj", "{D67CB079-8B00-4E9A-8C6E-93852D081ED2}"
	ProjectSection(ProjectDependencies) = postProject
		{FA84AC76-9701-472A-8595-C492A508AED4} = {FA84AC76-9701-472A-8595-C492A508AED4}
	EndProjectSection
EndProject
Project("{8BC9CEB8-8B4A-11D0-8D11-00A0C91BC942}") = "PT1Mgr", "PT1Mgr\PT1Mgr.vcxproj", "{FA84AC76-9701-472A-8595-C492A508AED4}"
EndProject
Project("{8BC9CEB8-8B4A-11D0-8D11-00A0C91BC942}") = "PT3Mgr", "PT3Mgr\PT3Mgr.vcxproj", "{7F011A2B-5E96-4C9E-92EB-311175700C5A}"
EndProject
Project("{8BC9CEB8-8B4A-11D0-8D11-00A0C91BC942}") = "PTxCtrl", "PTxCtrl\PTxCtrl.vcxproj", "{746C59C3-4CF6-4F1B-99B5-5922DB5678DD}"
	ProjectSection(ProjectDependencies) = postProject
		{7F011A2B-5E96-4C9E-92EB-311175700C5A} = {7F011A2B-5E96-4C9E-92EB-311175700C5A}
		{FA84AC76-9701-472A-8595-C492A508AED4} = {FA84AC76-9701-472A-8595-C492A508AED4}
	EndProjectSection
EndProject
Project("{8BC9CEB8-8B4A-11D0-8D11-00A0C91BC942}") = "PTwCtrl", "PTwCtrl\PTwCtrl.vcxproj", "{8C72EB9A-2DC3-48BA-8809-C1D4B7DDD805}"
EndProject
Project("{8BC9CEB8-8B4A-11D0-8D11-00A0C91BC942}") = "PTxScanS", "PTxScanS\PTxScanS.vcxproj", "{05E2C054-5352-4A1B-A9DC-894C9086B652}"
EndProject
Global
	GlobalSection(SolutionConfigurationPlatforms) = preSolution
		Debug|Win32 = Debug|Win32
		Debug|x64 = Debug|x64
		Release|Win32 = Release|Win32
		Release|x64 = Release|x64
	EndGlobalSection
	GlobalSection(ProjectConfigurationPlatforms) = postSolution
		{BF775E2E-70BF-4DAA-ADB7-62D075369AC9}.Debug|Win32.ActiveCfg = Debug|Win32
		{BF775E2E-70BF-4DAA-ADB7-62D075369AC9}.Debug|Win32.Build.0 = Debug|Win32
		{BF775E2E-70BF-4DAA-ADB7-62D075369AC9}.Debug|x64.ActiveCfg = Debug|x64
		{BF775E2E-70BF-4DAA-ADB7-62D075369AC9}.Debug|x64.Build.0 = Debug|x64
		{BF775E2E-70BF-4DAA-ADB7-62D075369AC9}.Release|Win32.ActiveCfg = Release|Win32
		{BF775E2E-70BF-4DAA-ADB7-62D075369AC9}.Release|Win32.Build.0 = Release|Win32
		{BF775E2E-70BF-4DAA-ADB7-62D075369AC9}.Release|x64.ActiveCfg = Release|x64
		{BF775E2E-70BF-4DAA-ADB7-62D075369AC9}.Release|x64.Build.0 = Release|x64
		{DD1A4A96-3CDE-4C86-9F52-F4265E3D4B12}.Debug|Win32.ActiveCfg = Debug|Win32
		{DD1A4A96-3CDE-4C86-9F52-F4265E3D4B12}.Debug|Win32.Build.0 = Debug|Win32
		{DD1A4A96-3CDE-4C86-9F52-F4265E3D4B12}.Debug|x64.ActiveCfg = Debug|x64
		{DD1A4A96-3CDE-4C86-9F52-F4265E3D4B12}.Debug|x64.Build.0 = Debug|x64
		{DD1A4A96-3CDE-4C86-9F52-F4265E3D4B12}.Release|Win32.ActiveCfg = Release|Win32
		{DD1A4A96-3CDE-4C86-9F52-F4265E3D4B12}.Release|Win32.Build.0 = Release|Win32
		{DD1A4A96-3CDE-4C86-9F52-F4265E3D4B12}.Release|x64.ActiveCfg = Release|x64
		{DD1A4A96-3CDE-4C86-9F52-F4265E3D4B12}.Release|x64.Build.0 = Release|x64
		{D67CB079-8B00-4E9A-8C6E-93852D081ED2}.Debug|Win32.ActiveCfg = Debug|Win32
		{D67CB079-8B00-4E9A-8C6E-93852D081ED2}.Debug|Win32.Build.0 = Debug|Win32
		{D67CB079-8B00-4E9A-8C6E-93852D081ED2}.Debug|x64.ActiveCfg = Debug|x64
		{D67CB079-8B00-4E9A-8C6E-93852D081ED2}.Debug|x64.Build.0 = Debug|x64
		{D67CB079-8B00-4E9A-8C6E-93852D081ED2}.Release|Win32.ActiveCfg = Release|Win32
		{D67CB079-8B00-4E9A-8C6E-93852D081ED2}.Release|Win32.Build.0 = Release|Win32
		{D67CB079-8B00-4E9A-8C6E-93852D081ED2}.Release|x64.ActiveCfg = Release|x64
		{D67CB079-8B00-4E9A-8C6E-93852D081ED2}.Release|x64.Build.0 = Release|x64
		{FA84AC76-9701-472A-8595-C492A508AED4}.Debug|Win32.ActiveCfg = Debug|Win32
		{FA84AC76-9701-472A-8595-C492A508AED4}.Debug|Win32.Build.0 = Debug|Win32
		{FA84AC76-9701-472A-8595-C492A508AED4}.Debug|x64.ActiveCfg = Debug|x64
		{FA84AC76-9701-472A-8595-C492A508AED4}.Debug|x64.Build.0 = Debug|x64
		{FA84AC76-9701-472A-8595-C492A508AED4}.Release|Win32.ActiveCfg = Release|Win32
		{FA84AC76-9701-472A-8595-C492A508AED4}.Release|Win32.Build.0 = Release|Win32
		{FA84AC76-9701-472A-8595-C492A508AED4}.Release|x64.ActiveCfg = Release|x64
		{FA84AC76-9701-472A-8595-C492A508AED4}.Release|x64.Build.0 = Release|x64
		{7F011A2B-5E96-4C9E-92EB-311175700C5A}.Debug|Win32.ActiveCfg = Debug|Win32
		{7F011A2B-5E96-4C9E-92EB-311175700C5A}.Debug|Win32.Build.0 = Debug|Win32
		{7F011A2B-5E96-4C9E-92EB-311175700C5A}.Debug|x64.ActiveCfg = Debug|x64
		{7F011A2B-5E96-4C9E-92EB-311175700C5A}.Debug|x64.Build.0 = Debug|x64
		{7F011A2B-5E96-4C9E-92EB-311175700C5A}.Release|Win32.ActiveCfg = Release|Win32
		{7F011A2B-5E96-4C9E-92EB-311175700C5A}.Release|Win32.Build.0 = Release|Win32
		{7F011A2B-5E96-4C9E-92EB-311175700C5A}.Release|x64.ActiveCfg = Release|x64
		{7F011A2B-5E96-4C9E-92EB-311175700C5A}.Release|x64.Build.0 = Release|x64
		{746C59C3-4CF6-4F1B-99B5-5922DB5678DD}.Debug|Win32.ActiveCfg = Debug|Win32
		{746C59C3-4CF6-4F1B-99B5-5922DB5678DD}.Debug|Win32.Build.0 = Debug|Win32
		{746C59C3-4CF6-4F1B-99B5-5922DB5678DD}.Debug|x64.ActiveCfg = Debug|x64
		{746C59C3-4CF6-4F1B-99B5-5922DB5678DD}.Debug|x64.Build.0 = Debug|x64
		{746C59C3-4CF6-4F1B-99B5-5922DB5678DD}.Release|Win32.ActiveCfg = Release|Win32
		{746C59C3-4CF6-4F1B-99B5-5922DB5678DD}.Release|Win32.Build.0 = Release|Win32
		{746C59C3-4CF6-4F1B-99B5-5922DB5678DD}.Release|x64.ActiveCfg = Release|x64
		{746C59C3-4CF6-4F1B-99B5-5922DB5678DD}.Release|x64.Build.0 = Release|x64
		{8C72EB9A-2DC3-48BA-8809-C1D4B7DDD805}.Debug|Win32.ActiveCfg = Debug|Win32
		{8C72EB9A-2DC3-48BA-8809-C1D4B7DDD805}.Debug|Win32.Build.0 = Debug|Win32
		{8C72EB9A-2DC3-48BA-8809-C1D4B7DDD805}.Debug|x64.ActiveCfg = Debug|x64
		{8C72EB9A-2DC3-48BA-8809-C1D4B7DDD805}.Debug|x64.Build.0 = Debug|x64
		{8C72EB9A-2DC3-48BA-8809-C1D4B7DDD805}.Release|Win32.ActiveCfg = Release|Win32
		{8C72EB9A-2DC3-48BA-8809-C1D4B7DDD805}.Release|Win32.Build.0 = Release|Win32
		{8C72EB9A-2DC3-48BA-8809-C1D4B7DDD805}.Release|x64.ActiveCfg = Release|x64
		{8C72EB9A-2DC3-48BA-8809-C1D4B7DDD805}.Release|x64.Build.0 = Release|x64
		{05E2C054-5352-4A1B-A9DC-894C9086B652}.Debug|Win32.ActiveCfg = Debug|Win32
		{05E2C054-5352-4A1B-A9DC-894C9086B652}.Debug|Win32.Build.0 = Debug|Win32
		{05E2C054-5352-4A1B-A9DC-894C9086B652}.Debug|x64.ActiveCfg = Debug|x64
		{05E2C054-5352-4A1B-A9DC-894C9086B652}.Debug|x64.Build.0 = Debug|x64
		{05E2C054-5352-4A1B-A9DC-894C9086B652}.Release|Win32.ActiveCfg = Release|Win32
		{05E2C054-5352-4A1B-A9DC-894C9086B652}.Release|Win32.Build.0 = Release|Win32
		{05E2C054-5352-4A1B-A9DC-894C9086B652}.Release|x64.ActiveCfg = Release|x64
		{05E2C054-5352-4A1B-A9DC-894C9086B652}.Release|x64.Build.0 = Release|x64
	EndGlobalSection
	GlobalSection(SolutionProperties) = preSolution
		HideSolutionNode = FALSE
	EndGlobalSection
EndGlobal
